// !$*UTF8*$!
{
	archiveVersion = 1;
	classes = {
	};
	objectVersion = 56;
	objects = {

/* Begin PBXBuildFile section */
		9F2872B12B2531BA005B6F50 /* airbnbApp.swift in Sources */ = {isa = PBXBuildFile; fileRef = 9F2872B02B2531BA005B6F50 /* airbnbApp.swift */; };
		9F2872B32B2531BA005B6F50 /* ContentView.swift in Sources */ = {isa = PBXBuildFile; fileRef = 9F2872B22B2531BA005B6F50 /* ContentView.swift */; };
		9F2872B52B2531BC005B6F50 /* Assets.xcassets in Resources */ = {isa = PBXBuildFile; fileRef = 9F2872B42B2531BC005B6F50 /* Assets.xcassets */; };
		9F2872B82B2531BC005B6F50 /* Preview Assets.xcassets in Resources */ = {isa = PBXBuildFile; fileRef = 9F2872B72B2531BC005B6F50 /* Preview Assets.xcassets */; };
		9F2872CB2B25332F005B6F50 /* ExploreView.swift in Sources */ = {isa = PBXBuildFile; fileRef = 9F2872CA2B25332F005B6F50 /* ExploreView.swift */; };
		9F2872CD2B25353F005B6F50 /* ListingItemView.swift in Sources */ = {isa = PBXBuildFile; fileRef = 9F2872CC2B25353F005B6F50 /* ListingItemView.swift */; };
		9F2872CF2B253CC7005B6F50 /* SearchAndFilterBar.swift in Sources */ = {isa = PBXBuildFile; fileRef = 9F2872CE2B253CC7005B6F50 /* SearchAndFilterBar.swift */; };
		9F2872D12B254152005B6F50 /* ListingDetailView.swift in Sources */ = {isa = PBXBuildFile; fileRef = 9F2872D02B254152005B6F50 /* ListingDetailView.swift */; };
		9F2872D42B2541E5005B6F50 /* ListingImageCarouselView.swift in Sources */ = {isa = PBXBuildFile; fileRef = 9F2872D32B2541E5005B6F50 /* ListingImageCarouselView.swift */; };
		9FD013A32B25FB7E00031541 /* DestinationSearchView.swift in Sources */ = {isa = PBXBuildFile; fileRef = 9FD013A22B25FB7E00031541 /* DestinationSearchView.swift */; };
		9FD013A52B26530A00031541 /* ProfileView.swift in Sources */ = {isa = PBXBuildFile; fileRef = 9FD013A42B26530A00031541 /* ProfileView.swift */; };
		9FD013A72B2654B100031541 /* ProfileOptionView.swift in Sources */ = {isa = PBXBuildFile; fileRef = 9FD013A62B2654B100031541 /* ProfileOptionView.swift */; };
		9FD013A92B2655B600031541 /* WishListView.swift in Sources */ = {isa = PBXBuildFile; fileRef = 9FD013A82B2655B600031541 /* WishListView.swift */; };
		9FD013AB2B26569A00031541 /* MainTabView.swift in Sources */ = {isa = PBXBuildFile; fileRef = 9FD013AA2B26569A00031541 /* MainTabView.swift */; };
/* End PBXBuildFile section */

/* Begin PBXFileReference section */
		9F2872AD2B2531BA005B6F50 /* airbnb.app */ = {isa = PBXFileReference; explicitFileType = wrapper.application; includeInIndex = 0; path = airbnb.app; sourceTree = BUILT_PRODUCTS_DIR; };
		9F2872B02B2531BA005B6F50 /* airbnbApp.swift */ = {isa = PBXFileReference; lastKnownFileType = sourcecode.swift; path = airbnbApp.swift; sourceTree = "<group>"; };
		9F2872B22B2531BA005B6F50 /* ContentView.swift */ = {isa = PBXFileReference; lastKnownFileType = sourcecode.swift; path = ContentView.swift; sourceTree = "<group>"; };
		9F2872B42B2531BC005B6F50 /* Assets.xcassets */ = {isa = PBXFileReference; lastKnownFileType = folder.assetcatalog; path = Assets.xcassets; sourceTree = "<group>"; };
		9F2872B72B2531BC005B6F50 /* Preview Assets.xcassets */ = {isa = PBXFileReference; lastKnownFileType = folder.assetcatalog; path = "Preview Assets.xcassets"; sourceTree = "<group>"; };
		9F2872CA2B25332F005B6F50 /* ExploreView.swift */ = {isa = PBXFileReference; lastKnownFileType = sourcecode.swift; path = ExploreView.swift; sourceTree = "<group>"; };
		9F2872CC2B25353F005B6F50 /* ListingItemView.swift */ = {isa = PBXFileReference; lastKnownFileType = sourcecode.swift; path = ListingItemView.swift; sourceTree = "<group>"; };
		9F2872CE2B253CC7005B6F50 /* SearchAndFilterBar.swift */ = {isa = PBXFileReference; lastKnownFileType = sourcecode.swift; path = SearchAndFilterBar.swift; sourceTree = "<group>"; };
		9F2872D02B254152005B6F50 /* ListingDetailView.swift */ = {isa = PBXFileReference; lastKnownFileType = sourcecode.swift; path = ListingDetailView.swift; sourceTree = "<group>"; };
		9F2872D32B2541E5005B6F50 /* ListingImageCarouselView.swift */ = {isa = PBXFileReference; lastKnownFileType = sourcecode.swift; path = ListingImageCarouselView.swift; sourceTree = "<group>"; };
		9FD013A22B25FB7E00031541 /* DestinationSearchView.swift */ = {isa = PBXFileReference; lastKnownFileType = sourcecode.swift; path = DestinationSearchView.swift; sourceTree = "<group>"; };
		9FD013A42B26530A00031541 /* ProfileView.swift */ = {isa = PBXFileReference; lastKnownFileType = sourcecode.swift; path = ProfileView.swift; sourceTree = "<group>"; };
		9FD013A62B2654B100031541 /* ProfileOptionView.swift */ = {isa = PBXFileReference; lastKnownFileType = sourcecode.swift; path = ProfileOptionView.swift; sourceTree = "<group>"; };
		9FD013A82B2655B600031541 /* WishListView.swift */ = {isa = PBXFileReference; lastKnownFileType = sourcecode.swift; path = WishListView.swift; sourceTree = "<group>"; };
		9FD013AA2B26569A00031541 /* MainTabView.swift */ = {isa = PBXFileReference; lastKnownFileType = sourcecode.swift; path = MainTabView.swift; sourceTree = "<group>"; };
/* End PBXFileReference section */

/* Begin PBXFrameworksBuildPhase section */
		9F2872AA2B2531BA005B6F50 /* Frameworks */ = {
			isa = PBXFrameworksBuildPhase;
			buildActionMask = 2147483647;
			files = (
			);
			runOnlyForDeploymentPostprocessing = 0;
		};
/* End PBXFrameworksBuildPhase section */

/* Begin PBXGroup section */
		9F2872A42B2531BA005B6F50 = {
			isa = PBXGroup;
			children = (
				9F2872AF2B2531BA005B6F50 /* airbnb */,
				9F2872AE2B2531BA005B6F50 /* Products */,
			);
			sourceTree = "<group>";
		};
		9F2872AE2B2531BA005B6F50 /* Products */ = {
			isa = PBXGroup;
			children = (
				9F2872AD2B2531BA005B6F50 /* airbnb.app */,
			);
			name = Products;
			sourceTree = "<group>";
		};
		9F2872AF2B2531BA005B6F50 /* airbnb */ = {
			isa = PBXGroup;
			children = (
				9F2872BE2B25322F005B6F50 /* App */,
				9F2872C02B253243005B6F50 /* Core */,
				9F2872C12B253248005B6F50 /* Extensions */,
				9F2872BF2B253239005B6F50 /* Model */,
				9F2872C22B253256005B6F50 /* Utils */,
				9F2872B22B2531BA005B6F50 /* ContentView.swift */,
				9F2872B42B2531BC005B6F50 /* Assets.xcassets */,
				9F2872B62B2531BC005B6F50 /* Preview Content */,
			);
			path = airbnb;
			sourceTree = "<group>";
		};
		9F2872B62B2531BC005B6F50 /* Preview Content */ = {
			isa = PBXGroup;
			children = (
				9F2872B72B2531BC005B6F50 /* Preview Assets.xcassets */,
			);
			path = "Preview Content";
			sourceTree = "<group>";
		};
		9F2872BE2B25322F005B6F50 /* App */ = {
			isa = PBXGroup;
			children = (
				9F2872B02B2531BA005B6F50 /* airbnbApp.swift */,
			);
			path = App;
			sourceTree = "<group>";
		};
		9F2872BF2B253239005B6F50 /* Model */ = {
			isa = PBXGroup;
			children = (
			);
			path = Model;
			sourceTree = "<group>";
		};
		9F2872C02B253243005B6F50 /* Core */ = {
			isa = PBXGroup;
			children = (
				9F2872D22B2541CC005B6F50 /* Components */,
				9F2872C42B25328C005B6F50 /* Explore */,
				9F2872C52B253295005B6F50 /* MapView */,
				9F2872C32B253282005B6F50 /* Listings */,
				9F2872C62B25329C005B6F50 /* Profile */,
				9F2872C92B2532F7005B6F50 /* Root */,
				9F2872C72B2532A2005B6F50 /* Tabbar */,
				9F2872C82B2532A7005B6F50 /* WishLists */,
			);
			path = Core;
			sourceTree = "<group>";
		};
		9F2872C12B253248005B6F50 /* Extensions */ = {
			isa = PBXGroup;
			children = (
			);
			path = Extensions;
			sourceTree = "<group>";
		};
		9F2872C22B253256005B6F50 /* Utils */ = {
			isa = PBXGroup;
			children = (
			);
			path = Utils;
			sourceTree = "<group>";
		};
		9F2872C32B253282005B6F50 /* Listings */ = {
			isa = PBXGroup;
			children = (
				9F2872CC2B25353F005B6F50 /* ListingItemView.swift */,
				9F2872D02B254152005B6F50 /* ListingDetailView.swift */,
			);
			path = Listings;
			sourceTree = "<group>";
		};
		9F2872C42B25328C005B6F50 /* Explore */ = {
			isa = PBXGroup;
			children = (
				9F2872CA2B25332F005B6F50 /* ExploreView.swift */,
				9F2872CE2B253CC7005B6F50 /* SearchAndFilterBar.swift */,
				9FD013A22B25FB7E00031541 /* DestinationSearchView.swift */,
			);
			path = Explore;
			sourceTree = "<group>";
		};
		9F2872C52B253295005B6F50 /* MapView */ = {
			isa = PBXGroup;
			children = (
			);
			path = MapView;
			sourceTree = "<group>";
		};
		9F2872C62B25329C005B6F50 /* Profile */ = {
			isa = PBXGroup;
			children = (
				9FD013A42B26530A00031541 /* ProfileView.swift */,
				9FD013A62B2654B100031541 /* ProfileOptionView.swift */,
			);
			path = Profile;
			sourceTree = "<group>";
		};
		9F2872C72B2532A2005B6F50 /* Tabbar */ = {
			isa = PBXGroup;
			children = (
				9FD013AA2B26569A00031541 /* MainTabView.swift */,
			);
			path = Tabbar;
			sourceTree = "<group>";
		};
		9F2872C82B2532A7005B6F50 /* WishLists */ = {
			isa = PBXGroup;
			children = (
				9FD013A82B2655B600031541 /* WishListView.swift */,
			);
			path = WishLists;
			sourceTree = "<group>";
		};
		9F2872C92B2532F7005B6F50 /* Root */ = {
			isa = PBXGroup;
			children = (
			);
			path = Root;
			sourceTree = "<group>";
		};
		9F2872D22B2541CC005B6F50 /* Components */ = {
			isa = PBXGroup;
			children = (
				9F2872D32B2541E5005B6F50 /* ListingImageCarouselView.swift */,
			);
			path = Components;
			sourceTree = "<group>";
		};
/* End PBXGroup section */

/* Begin PBXNativeTarget section */
		9F2872AC2B2531BA005B6F50 /* airbnb */ = {
			isa = PBXNativeTarget;
			buildConfigurationList = 9F2872BB2B2531BC005B6F50 /* Build configuration list for PBXNativeTarget "airbnb" */;
			buildPhases = (
				9F2872A92B2531BA005B6F50 /* Sources */,
				9F2872AA2B2531BA005B6F50 /* Frameworks */,
				9F2872AB2B2531BA005B6F50 /* Resources */,
			);
			buildRules = (
			);
			dependencies = (
			);
			name = airbnb;
			productName = airbnb;
			productReference = 9F2872AD2B2531BA005B6F50 /* airbnb.app */;
			productType = "com.apple.product-type.application";
		};
/* End PBXNativeTarget section */

/* Begin PBXProject section */
		9F2872A52B2531BA005B6F50 /* Project object */ = {
			isa = PBXProject;
			attributes = {
				BuildIndependentTargetsInParallel = 1;
				LastSwiftUpdateCheck = 1430;
				LastUpgradeCheck = 1430;
				TargetAttributes = {
					9F2872AC2B2531BA005B6F50 = {
						CreatedOnToolsVersion = 14.3;
					};
				};
			};
			buildConfigurationList = 9F2872A82B2531BA005B6F50 /* Build configuration list for PBXProject "airbnb" */;
			compatibilityVersion = "Xcode 14.0";
			developmentRegion = en;
			hasScannedForEncodings = 0;
			knownRegions = (
				en,
				Base,
			);
			mainGroup = 9F2872A42B2531BA005B6F50;
			productRefGroup = 9F2872AE2B2531BA005B6F50 /* Products */;
			projectDirPath = "";
			projectRoot = "";
			targets = (
				9F2872AC2B2531BA005B6F50 /* airbnb */,
			);
		};
/* End PBXProject section */

/* Begin PBXResourcesBuildPhase section */
		9F2872AB2B2531BA005B6F50 /* Resources */ = {
			isa = PBXResourcesBuildPhase;
			buildActionMask = 2147483647;
			files = (
				9F2872B82B2531BC005B6F50 /* Preview Assets.xcassets in Resources */,
				9F2872B52B2531BC005B6F50 /* Assets.xcassets in Resources */,
			);
			runOnlyForDeploymentPostprocessing = 0;
		};
/* End PBXResourcesBuildPhase section */

/* Begin PBXSourcesBuildPhase section */
		9F2872A92B2531BA005B6F50 /* Sources */ = {
			isa = PBXSourcesBuildPhase;
			buildActionMask = 2147483647;
			files = (
				9F2872D42B2541E5005B6F50 /* ListingImageCarouselView.swift in Sources */,
				9FD013A52B26530A00031541 /* ProfileView.swift in Sources */,
				9FD013A32B25FB7E00031541 /* DestinationSearchView.swift in Sources */,
				9FD013A72B2654B100031541 /* ProfileOptionView.swift in Sources */,
				9F2872B32B2531BA005B6F50 /* ContentView.swift in Sources */,
				9F2872CD2B25353F005B6F50 /* ListingItemView.swift in Sources */,
				9F2872CB2B25332F005B6F50 /* ExploreView.swift in Sources */,
				9FD013A92B2655B600031541 /* WishListView.swift in Sources */,
				9F2872CF2B253CC7005B6F50 /* SearchAndFilterBar.swift in Sources */,
				9F2872D12B254152005B6F50 /* ListingDetailView.swift in Sources */,
				9FD013AB2B26569A00031541 /* MainTabView.swift in Sources */,
				9F2872B12B2531BA005B6F50 /* airbnbApp.swift in Sources */,
			);
			runOnlyForDeploymentPostprocessing = 0;
		};
/* End PBXSourcesBuildPhase section */

/* Begin XCBuildConfiguration section */
		9F2872B92B2531BC005B6F50 /* Debug */ = {
			isa = XCBuildConfiguration;
			buildSettings = {
				ALWAYS_SEARCH_USER_PATHS = NO;
				CLANG_ANALYZER_NONNULL = YES;
				CLANG_ANALYZER_NUMBER_OBJECT_CONVERSION = YES_AGGRESSIVE;
				CLANG_CXX_LANGUAGE_STANDARD = "gnu++20";
				CLANG_ENABLE_MODULES = YES;
				CLANG_ENABLE_OBJC_ARC = YES;
				CLANG_ENABLE_OBJC_WEAK = YES;
				CLANG_WARN_BLOCK_CAPTURE_AUTORELEASING = YES;
				CLANG_WARN_BOOL_CONVERSION = YES;
				CLANG_WARN_COMMA = YES;
				CLANG_WARN_CONSTANT_CONVERSION = YES;
				CLANG_WARN_DEPRECATED_OBJC_IMPLEMENTATIONS = YES;
				CLANG_WARN_DIRECT_OBJC_ISA_USAGE = YES_ERROR;
				CLANG_WARN_DOCUMENTATION_COMMENTS = YES;
				CLANG_WARN_EMPTY_BODY = YES;
				CLANG_WARN_ENUM_CONVERSION = YES;
				CLANG_WARN_INFINITE_RECURSION = YES;
				CLANG_WARN_INT_CONVERSION = YES;
				CLANG_WARN_NON_LITERAL_NULL_CONVERSION = YES;
				CLANG_WARN_OBJC_IMPLICIT_RETAIN_SELF = YES;
				CLANG_WARN_OBJC_LITERAL_CONVERSION = YES;
				CLANG_WARN_OBJC_ROOT_CLASS = YES_ERROR;
				CLANG_WARN_QUOTED_INCLUDE_IN_FRAMEWORK_HEADER = YES;
				CLANG_WARN_RANGE_LOOP_ANALYSIS = YES;
				CLANG_WARN_STRICT_PROTOTYPES = YES;
				CLANG_WARN_SUSPICIOUS_MOVE = YES;
				CLANG_WARN_UNGUARDED_AVAILABILITY = YES_AGGRESSIVE;
				CLANG_WARN_UNREACHABLE_CODE = YES;
				CLANG_WARN__DUPLICATE_METHOD_MATCH = YES;
				COPY_PHASE_STRIP = NO;
				DEBUG_INFORMATION_FORMAT = dwarf;
				ENABLE_STRICT_OBJC_MSGSEND = YES;
				ENABLE_TESTABILITY = YES;
				GCC_C_LANGUAGE_STANDARD = gnu11;
				GCC_DYNAMIC_NO_PIC = NO;
				GCC_NO_COMMON_BLOCKS = YES;
				GCC_OPTIMIZATION_LEVEL = 0;
				GCC_PREPROCESSOR_DEFINITIONS = (
					"DEBUG=1",
					"$(inherited)",
				);
				GCC_WARN_64_TO_32_BIT_CONVERSION = YES;
				GCC_WARN_ABOUT_RETURN_TYPE = YES_ERROR;
				GCC_WARN_UNDECLARED_SELECTOR = YES;
				GCC_WARN_UNINITIALIZED_AUTOS = YES_AGGRESSIVE;
				GCC_WARN_UNUSED_FUNCTION = YES;
				GCC_WARN_UNUSED_VARIABLE = YES;
				IPHONEOS_DEPLOYMENT_TARGET = 16.4;
				MTL_ENABLE_DEBUG_INFO = INCLUDE_SOURCE;
				MTL_FAST_MATH = YES;
				ONLY_ACTIVE_ARCH = YES;
				SDKROOT = iphoneos;
				SWIFT_ACTIVE_COMPILATION_CONDITIONS = DEBUG;
				SWIFT_OPTIMIZATION_LEVEL = "-Onone";
			};
			name = Debug;
		};
		9F2872BA2B2531BC005B6F50 /* Release */ = {
			isa = XCBuildConfiguration;
			buildSettings = {
				ALWAYS_SEARCH_USER_PATHS = NO;
				CLANG_ANALYZER_NONNULL = YES;
				CLANG_ANALYZER_NUMBER_OBJECT_CONVERSION = YES_AGGRESSIVE;
				CLANG_CXX_LANGUAGE_STANDARD = "gnu++20";
				CLANG_ENABLE_MODULES = YES;
				CLANG_ENABLE_OBJC_ARC = YES;
				CLANG_ENABLE_OBJC_WEAK = YES;
				CLANG_WARN_BLOCK_CAPTURE_AUTORELEASING = YES;
				CLANG_WARN_BOOL_CONVERSION = YES;
				CLANG_WARN_COMMA = YES;
				CLANG_WARN_CONSTANT_CONVERSION = YES;
				CLANG_WARN_DEPRECATED_OBJC_IMPLEMENTATIONS = YES;
				CLANG_WARN_DIRECT_OBJC_ISA_USAGE = YES_ERROR;
				CLANG_WARN_DOCUMENTATION_COMMENTS = YES;
				CLANG_WARN_EMPTY_BODY = YES;
				CLANG_WARN_ENUM_CONVERSION = YES;
				CLANG_WARN_INFINITE_RECURSION = YES;
				CLANG_WARN_INT_CONVERSION = YES;
				CLANG_WARN_NON_LITERAL_NULL_CONVERSION = YES;
				CLANG_WARN_OBJC_IMPLICIT_RETAIN_SELF = YES;
				CLANG_WARN_OBJC_LITERAL_CONVERSION = YES;
				CLANG_WARN_OBJC_ROOT_CLASS = YES_ERROR;
				CLANG_WARN_QUOTED_INCLUDE_IN_FRAMEWORK_HEADER = YES;
				CLANG_WARN_RANGE_LOOP_ANALYSIS = YES;
				CLANG_WARN_STRICT_PROTOTYPES = YES;
				CLANG_WARN_SUSPICIOUS_MOVE = YES;
				CLANG_WARN_UNGUARDED_AVAILABILITY = YES_AGGRESSIVE;
				CLANG_WARN_UNREACHABLE_CODE = YES;
				CLANG_WARN__DUPLICATE_METHOD_MATCH = YES;
				COPY_PHASE_STRIP = NO;
				DEBUG_INFORMATION_FORMAT = "dwarf-with-dsym";
				ENABLE_NS_ASSERTIONS = NO;
				ENABLE_STRICT_OBJC_MSGSEND = YES;
				GCC_C_LANGUAGE_STANDARD = gnu11;
				GCC_NO_COMMON_BLOCKS = YES;
				GCC_WARN_64_TO_32_BIT_CONVERSION = YES;
				GCC_WARN_ABOUT_RETURN_TYPE = YES_ERROR;
				GCC_WARN_UNDECLARED_SELECTOR = YES;
				GCC_WARN_UNINITIALIZED_AUTOS = YES_AGGRESSIVE;
				GCC_WARN_UNUSED_FUNCTION = YES;
				GCC_WARN_UNUSED_VARIABLE = YES;
				IPHONEOS_DEPLOYMENT_TARGET = 16.4;
				MTL_ENABLE_DEBUG_INFO = NO;
				MTL_FAST_MATH = YES;
				SDKROOT = iphoneos;
				SWIFT_COMPILATION_MODE = wholemodule;
				SWIFT_OPTIMIZATION_LEVEL = "-O";
				VALIDATE_PRODUCT = YES;
			};
			name = Release;
		};
		9F2872BC2B2531BC005B6F50 /* Debug */ = {
			isa = XCBuildConfiguration;
			buildSettings = {
				ASSETCATALOG_COMPILER_APPICON_NAME = AppIcon;
				ASSETCATALOG_COMPILER_GLOBAL_ACCENT_COLOR_NAME = AccentColor;
				CODE_SIGN_STYLE = Automatic;
				CURRENT_PROJECT_VERSION = 1;
				DEVELOPMENT_ASSET_PATHS = "\"airbnb/Preview Content\"";
				DEVELOPMENT_TEAM = 676Y7Q29M8;
				ENABLE_PREVIEWS = YES;
				GENERATE_INFOPLIST_FILE = YES;
				INFOPLIST_KEY_UIApplicationSceneManifest_Generation = YES;
				INFOPLIST_KEY_UIApplicationSupportsIndirectInputEvents = YES;
				INFOPLIST_KEY_UILaunchScreen_Generation = YES;
				INFOPLIST_KEY_UISupportedInterfaceOrientations_iPad = "UIInterfaceOrientationPortrait UIInterfaceOrientationPortraitUpsideDown UIInterfaceOrientationLandscapeLeft UIInterfaceOrientationLandscapeRight";
				INFOPLIST_KEY_UISupportedInterfaceOrientations_iPhone = "UIInterfaceOrientationPortrait UIInterfaceOrientationLandscapeLeft UIInterfaceOrientationLandscapeRight";
				LD_RUNPATH_SEARCH_PATHS = (
					"$(inherited)",
					"@executable_path/Frameworks",
				);
				MARKETING_VERSION = 1.0;
				PRODUCT_BUNDLE_IDENTIFIER = com.agustincarbajal.airbnb;
				PRODUCT_NAME = "$(TARGET_NAME)";
				SWIFT_EMIT_LOC_STRINGS = YES;
				SWIFT_VERSION = 5.0;
				TARGETED_DEVICE_FAMILY = "1,2";
			};
			name = Debug;
		};
		9F2872BD2B2531BC005B6F50 /* Release */ = {
			isa = XCBuildConfiguration;
			buildSettings = {
				ASSETCATALOG_COMPILER_APPICON_NAME = AppIcon;
				ASSETCATALOG_COMPILER_GLOBAL_ACCENT_COLOR_NAME = AccentColor;
				CODE_SIGN_STYLE = Automatic;
				CURRENT_PROJECT_VERSION = 1;
				DEVELOPMENT_ASSET_PATHS = "\"airbnb/Preview Content\"";
				DEVELOPMENT_TEAM = 676Y7Q29M8;
				ENABLE_PREVIEWS = YES;
				GENERATE_INFOPLIST_FILE = YES;
				INFOPLIST_KEY_UIApplicationSceneManifest_Generation = YES;
				INFOPLIST_KEY_UIApplicationSupportsIndirectInputEvents = YES;
				INFOPLIST_KEY_UILaunchScreen_Generation = YES;
				INFOPLIST_KEY_UISupportedInterfaceOrientations_iPad = "UIInterfaceOrientationPortrait UIInterfaceOrientationPortraitUpsideDown UIInterfaceOrientationLandscapeLeft UIInterfaceOrientationLandscapeRight";
				INFOPLIST_KEY_UISupportedInterfaceOrientations_iPhone = "UIInterfaceOrientationPortrait UIInterfaceOrientationLandscapeLeft UIInterfaceOrientationLandscapeRight";
				LD_RUNPATH_SEARCH_PATHS = (
					"$(inherited)",
					"@executable_path/Frameworks",
				);
				MARKETING_VERSION = 1.0;
				PRODUCT_BUNDLE_IDENTIFIER = com.agustincarbajal.airbnb;
				PRODUCT_NAME = "$(TARGET_NAME)";
				SWIFT_EMIT_LOC_STRINGS = YES;
				SWIFT_VERSION = 5.0;
				TARGETED_DEVICE_FAMILY = "1,2";
			};
			name = Release;
		};
/* End XCBuildConfiguration section */

/* Begin XCConfigurationList section */
		9F2872A82B2531BA005B6F50 /* Build configuration list for PBXProject "airbnb" */ = {
			isa = XCConfigurationList;
			buildConfigurations = (
				9F2872B92B2531BC005B6F50 /* Debug */,
				9F2872BA2B2531BC005B6F50 /* Release */,
			);
			defaultConfigurationIsVisible = 0;
			defaultConfigurationName = Release;
		};
		9F2872BB2B2531BC005B6F50 /* Build configuration list for PBXNativeTarget "airbnb" */ = {
			isa = XCConfigurationList;
			buildConfigurations = (
				9F2872BC2B2531BC005B6F50 /* Debug */,
				9F2872BD2B2531BC005B6F50 /* Release */,
			);
			defaultConfigurationIsVisible = 0;
			defaultConfigurationName = Release;
		};
/* End XCConfigurationList section */
	};
	rootObject = 9F2872A52B2531BA005B6F50 /* Project object */;
}
